// !$*UTF8*$!
{
	archiveVersion = 1;
	classes = {
	};
	objectVersion = 56;
	objects = {

/* Begin PBXBuildFile section */
		7546F2E22BFEC8450001E22A /* ProfileViewController.swift in Sources */ = {isa = PBXBuildFile; fileRef = 7546F2E12BFEC8450001E22A /* ProfileViewController.swift */; };
		7546F2E72BFEE8760001E22A /* Profile+CoreDataClass.swift in Sources */ = {isa = PBXBuildFile; fileRef = 7546F2E52BFEE8760001E22A /* Profile+CoreDataClass.swift */; };
		7546F2E82BFEE8760001E22A /* Profile+CoreDataProperties.swift in Sources */ = {isa = PBXBuildFile; fileRef = 7546F2E62BFEE8760001E22A /* Profile+CoreDataProperties.swift */; };
		754C99012BF22AA8000E9759 /* Swingify-DataModel.xcdatamodeld in Sources */ = {isa = PBXBuildFile; fileRef = 754C98FF2BF22AA8000E9759 /* Swingify-DataModel.xcdatamodeld */; };
		754C99072BF22DE4000E9759 /* CoreDataController.swift in Sources */ = {isa = PBXBuildFile; fileRef = 754C99062BF22DE4000E9759 /* CoreDataController.swift */; };
		7566BA222C117B82001FC1EC /* InfoViewController.swift in Sources */ = {isa = PBXBuildFile; fileRef = 7566BA212C117B82001FC1EC /* InfoViewController.swift */; };
		756875ED2C003D2200AC3018 /* ProfileUpdateDelegate.swift in Sources */ = {isa = PBXBuildFile; fileRef = 756875EC2C003D2200AC3018 /* ProfileUpdateDelegate.swift */; };
		75A68D9B2BF231CB002E0F6A /* Club+CoreDataClass.swift in Sources */ = {isa = PBXBuildFile; fileRef = 75A68D992BF231CB002E0F6A /* Club+CoreDataClass.swift */; };
		75A68D9C2BF231CB002E0F6A /* Club+CoreDataProperties.swift in Sources */ = {isa = PBXBuildFile; fileRef = 75A68D9A2BF231CB002E0F6A /* Club+CoreDataProperties.swift */; };
		75B057C42BFF19BB00C66E48 /* FavCourse+CoreDataClass.swift in Sources */ = {isa = PBXBuildFile; fileRef = 75B057C22BFF19BB00C66E48 /* FavCourse+CoreDataClass.swift */; };
		75B057C52BFF19BB00C66E48 /* FavCourse+CoreDataProperties.swift in Sources */ = {isa = PBXBuildFile; fileRef = 75B057C32BFF19BB00C66E48 /* FavCourse+CoreDataProperties.swift */; };
		75F42EA12BD92A3E00C3B659 /* AppDelegate.swift in Sources */ = {isa = PBXBuildFile; fileRef = 75F42EA02BD92A3E00C3B659 /* AppDelegate.swift */; };
		75F42EA32BD92A3E00C3B659 /* SceneDelegate.swift in Sources */ = {isa = PBXBuildFile; fileRef = 75F42EA22BD92A3E00C3B659 /* SceneDelegate.swift */; };
		75F42EA82BD92A3E00C3B659 /* Base in Resources */ = {isa = PBXBuildFile; fileRef = 75F42EA72BD92A3E00C3B659 /* Base */; };
		75F42EAA2BD92A3F00C3B659 /* Assets.xcassets in Resources */ = {isa = PBXBuildFile; fileRef = 75F42EA92BD92A3F00C3B659 /* Assets.xcassets */; };
		75F42EAD2BD92A3F00C3B659 /* Base in Resources */ = {isa = PBXBuildFile; fileRef = 75F42EAC2BD92A3F00C3B659 /* Base */; };
		75F42EF22BE0CB0E00C3B659 /* FirebaseAuth in Frameworks */ = {isa = PBXBuildFile; productRef = 75F42EF12BE0CB0E00C3B659 /* FirebaseAuth */; };
		75F42EF42BE0CB0E00C3B659 /* FirebaseFirestore in Frameworks */ = {isa = PBXBuildFile; productRef = 75F42EF32BE0CB0E00C3B659 /* FirebaseFirestore */; };
		75F42EF62BE0CB0E00C3B659 /* FirebaseFirestoreSwift in Frameworks */ = {isa = PBXBuildFile; productRef = 75F42EF52BE0CB0E00C3B659 /* FirebaseFirestoreSwift */; };
		75F42EFC2BE3459A00C3B659 /* HomeViewController.swift in Sources */ = {isa = PBXBuildFile; fileRef = 75F42EFB2BE3459A00C3B659 /* HomeViewController.swift */; };
		75F42EFE2BE345BC00C3B659 /* AllClubsTableViewController.swift in Sources */ = {isa = PBXBuildFile; fileRef = 75F42EFD2BE345BC00C3B659 /* AllClubsTableViewController.swift */; };
		75F42F022BE346D800C3B659 /* CoursesTableViewController.swift in Sources */ = {isa = PBXBuildFile; fileRef = 75F42F012BE346D800C3B659 /* CoursesTableViewController.swift */; };
		75F42F082BE3475900C3B659 /* MapViewController.swift in Sources */ = {isa = PBXBuildFile; fileRef = 75F42F072BE3475900C3B659 /* MapViewController.swift */; };
		75F42F0B2BE49EDD00C3B659 /* DatabaseProtocol.swift in Sources */ = {isa = PBXBuildFile; fileRef = 75F42F0A2BE49EDD00C3B659 /* DatabaseProtocol.swift */; };
		75F42F0D2BE49EF500C3B659 /* MulticastDelegate.swift in Sources */ = {isa = PBXBuildFile; fileRef = 75F42F0C2BE49EF500C3B659 /* MulticastDelegate.swift */; };
		75F42F872BECA3BC00C3B659 /* Course.swift in Sources */ = {isa = PBXBuildFile; fileRef = 75F42F862BECA3BC00C3B659 /* Course.swift */; };
		75F42F892BECA3CE00C3B659 /* CourseData.swift in Sources */ = {isa = PBXBuildFile; fileRef = 75F42F882BECA3CE00C3B659 /* CourseData.swift */; };
		75F42F8B2BECA3F600C3B659 /* HoleData.swift in Sources */ = {isa = PBXBuildFile; fileRef = 75F42F8A2BECA3F600C3B659 /* HoleData.swift */; };
		75F42F8D2BECA57300C3B659 /* HolesTableViewController.swift in Sources */ = {isa = PBXBuildFile; fileRef = 75F42F8C2BECA57300C3B659 /* HolesTableViewController.swift */; };
/* End PBXBuildFile section */

/* Begin PBXFileReference section */
		7546F2E12BFEC8450001E22A /* ProfileViewController.swift */ = {isa = PBXFileReference; lastKnownFileType = sourcecode.swift; path = ProfileViewController.swift; sourceTree = "<group>"; };
		7546F2E52BFEE8760001E22A /* Profile+CoreDataClass.swift */ = {isa = PBXFileReference; lastKnownFileType = sourcecode.swift; name = "Profile+CoreDataClass.swift"; path = "GolfApp/Profile+CoreDataClass.swift"; sourceTree = "<group>"; };
		7546F2E62BFEE8760001E22A /* Profile+CoreDataProperties.swift */ = {isa = PBXFileReference; lastKnownFileType = sourcecode.swift; name = "Profile+CoreDataProperties.swift"; path = "GolfApp/Profile+CoreDataProperties.swift"; sourceTree = "<group>"; };
		754C99002BF22AA8000E9759 /* Swingify-DataModel.xcdatamodel */ = {isa = PBXFileReference; lastKnownFileType = wrapper.xcdatamodel; path = "Swingify-DataModel.xcdatamodel"; sourceTree = "<group>"; };
		754C99062BF22DE4000E9759 /* CoreDataController.swift */ = {isa = PBXFileReference; lastKnownFileType = sourcecode.swift; path = CoreDataController.swift; sourceTree = "<group>"; };
		7566BA212C117B82001FC1EC /* InfoViewController.swift */ = {isa = PBXFileReference; lastKnownFileType = sourcecode.swift; path = InfoViewController.swift; sourceTree = "<group>"; };
		756875EC2C003D2200AC3018 /* ProfileUpdateDelegate.swift */ = {isa = PBXFileReference; lastKnownFileType = sourcecode.swift; path = ProfileUpdateDelegate.swift; sourceTree = "<group>"; };
		75A68D992BF231CB002E0F6A /* Club+CoreDataClass.swift */ = {isa = PBXFileReference; lastKnownFileType = sourcecode.swift; name = "Club+CoreDataClass.swift"; path = "GolfApp/Club+CoreDataClass.swift"; sourceTree = "<group>"; };
		75A68D9A2BF231CB002E0F6A /* Club+CoreDataProperties.swift */ = {isa = PBXFileReference; lastKnownFileType = sourcecode.swift; name = "Club+CoreDataProperties.swift"; path = "GolfApp/Club+CoreDataProperties.swift"; sourceTree = "<group>"; };
		75B057C22BFF19BB00C66E48 /* FavCourse+CoreDataClass.swift */ = {isa = PBXFileReference; lastKnownFileType = sourcecode.swift; name = "FavCourse+CoreDataClass.swift"; path = "GolfApp/FavCourse+CoreDataClass.swift"; sourceTree = "<group>"; };
		75B057C32BFF19BB00C66E48 /* FavCourse+CoreDataProperties.swift */ = {isa = PBXFileReference; lastKnownFileType = sourcecode.swift; name = "FavCourse+CoreDataProperties.swift"; path = "GolfApp/FavCourse+CoreDataProperties.swift"; sourceTree = "<group>"; };
		75F42E9D2BD92A3E00C3B659 /* Swingify.app */ = {isa = PBXFileReference; explicitFileType = wrapper.application; includeInIndex = 0; path = Swingify.app; sourceTree = BUILT_PRODUCTS_DIR; };
		75F42EA02BD92A3E00C3B659 /* AppDelegate.swift */ = {isa = PBXFileReference; lastKnownFileType = sourcecode.swift; path = AppDelegate.swift; sourceTree = "<group>"; };
		75F42EA22BD92A3E00C3B659 /* SceneDelegate.swift */ = {isa = PBXFileReference; lastKnownFileType = sourcecode.swift; path = SceneDelegate.swift; sourceTree = "<group>"; };
		75F42EA72BD92A3E00C3B659 /* Base */ = {isa = PBXFileReference; lastKnownFileType = file.storyboard; name = Base; path = Base.lproj/Main.storyboard; sourceTree = "<group>"; };
		75F42EA92BD92A3F00C3B659 /* Assets.xcassets */ = {isa = PBXFileReference; lastKnownFileType = folder.assetcatalog; path = Assets.xcassets; sourceTree = "<group>"; };
		75F42EAC2BD92A3F00C3B659 /* Base */ = {isa = PBXFileReference; lastKnownFileType = file.storyboard; name = Base; path = Base.lproj/LaunchScreen.storyboard; sourceTree = "<group>"; };
		75F42EAE2BD92A3F00C3B659 /* Info.plist */ = {isa = PBXFileReference; lastKnownFileType = text.plist.xml; path = Info.plist; sourceTree = "<group>"; };
		75F42EFB2BE3459A00C3B659 /* HomeViewController.swift */ = {isa = PBXFileReference; lastKnownFileType = sourcecode.swift; path = HomeViewController.swift; sourceTree = "<group>"; };
		75F42EFD2BE345BC00C3B659 /* AllClubsTableViewController.swift */ = {isa = PBXFileReference; lastKnownFileType = sourcecode.swift; path = AllClubsTableViewController.swift; sourceTree = "<group>"; };
		75F42F012BE346D800C3B659 /* CoursesTableViewController.swift */ = {isa = PBXFileReference; lastKnownFileType = sourcecode.swift; path = CoursesTableViewController.swift; sourceTree = "<group>"; };
		75F42F072BE3475900C3B659 /* MapViewController.swift */ = {isa = PBXFileReference; lastKnownFileType = sourcecode.swift; path = MapViewController.swift; sourceTree = "<group>"; };
		75F42F0A2BE49EDD00C3B659 /* DatabaseProtocol.swift */ = {isa = PBXFileReference; lastKnownFileType = sourcecode.swift; path = DatabaseProtocol.swift; sourceTree = "<group>"; };
		75F42F0C2BE49EF500C3B659 /* MulticastDelegate.swift */ = {isa = PBXFileReference; lastKnownFileType = sourcecode.swift; path = MulticastDelegate.swift; sourceTree = "<group>"; };
		75F42F862BECA3BC00C3B659 /* Course.swift */ = {isa = PBXFileReference; lastKnownFileType = sourcecode.swift; path = Course.swift; sourceTree = "<group>"; };
		75F42F882BECA3CE00C3B659 /* CourseData.swift */ = {isa = PBXFileReference; lastKnownFileType = sourcecode.swift; path = CourseData.swift; sourceTree = "<group>"; };
		75F42F8A2BECA3F600C3B659 /* HoleData.swift */ = {isa = PBXFileReference; lastKnownFileType = sourcecode.swift; path = HoleData.swift; sourceTree = "<group>"; };
		75F42F8C2BECA57300C3B659 /* HolesTableViewController.swift */ = {isa = PBXFileReference; lastKnownFileType = sourcecode.swift; path = HolesTableViewController.swift; sourceTree = "<group>"; };
/* End PBXFileReference section */

/* Begin PBXFrameworksBuildPhase section */
		75F42E9A2BD92A3E00C3B659 /* Frameworks */ = {
			isa = PBXFrameworksBuildPhase;
			buildActionMask = 2147483647;
			files = (
				75F42EF22BE0CB0E00C3B659 /* FirebaseAuth in Frameworks */,
				75F42EF42BE0CB0E00C3B659 /* FirebaseFirestore in Frameworks */,
				75F42EF62BE0CB0E00C3B659 /* FirebaseFirestoreSwift in Frameworks */,
			);
			runOnlyForDeploymentPostprocessing = 0;
		};
/* End PBXFrameworksBuildPhase section */

/* Begin PBXGroup section */
		75F42E942BD92A3E00C3B659 = {
			isa = PBXGroup;
			children = (
				75B057C22BFF19BB00C66E48 /* FavCourse+CoreDataClass.swift */,
				75B057C32BFF19BB00C66E48 /* FavCourse+CoreDataProperties.swift */,
				7546F2E52BFEE8760001E22A /* Profile+CoreDataClass.swift */,
				7546F2E62BFEE8760001E22A /* Profile+CoreDataProperties.swift */,
				75A68D992BF231CB002E0F6A /* Club+CoreDataClass.swift */,
				75A68D9A2BF231CB002E0F6A /* Club+CoreDataProperties.swift */,
				75F42E9F2BD92A3E00C3B659 /* GolfApp */,
				75F42E9E2BD92A3E00C3B659 /* Products */,
			);
			sourceTree = "<group>";
		};
		75F42E9E2BD92A3E00C3B659 /* Products */ = {
			isa = PBXGroup;
			children = (
				75F42E9D2BD92A3E00C3B659 /* Swingify.app */,
			);
			name = Products;
			sourceTree = "<group>";
		};
		75F42E9F2BD92A3E00C3B659 /* GolfApp */ = {
			isa = PBXGroup;
			children = (
				75F42F942BEDE81300C3B659 /* Classes */,
				75F42F092BE49EB800C3B659 /* Database */,
				75F42EA02BD92A3E00C3B659 /* AppDelegate.swift */,
				75F42EA22BD92A3E00C3B659 /* SceneDelegate.swift */,
				75F42EA62BD92A3E00C3B659 /* Main.storyboard */,
				75F42EA92BD92A3F00C3B659 /* Assets.xcassets */,
				75F42EAB2BD92A3F00C3B659 /* LaunchScreen.storyboard */,
				75F42EAE2BD92A3F00C3B659 /* Info.plist */,
				75F42EFB2BE3459A00C3B659 /* HomeViewController.swift */,
				75F42EFD2BE345BC00C3B659 /* AllClubsTableViewController.swift */,
				75F42F012BE346D800C3B659 /* CoursesTableViewController.swift */,
				75F42F072BE3475900C3B659 /* MapViewController.swift */,
				75F42F8C2BECA57300C3B659 /* HolesTableViewController.swift */,
				754C98FF2BF22AA8000E9759 /* Swingify-DataModel.xcdatamodeld */,
				754C99062BF22DE4000E9759 /* CoreDataController.swift */,
				7546F2E12BFEC8450001E22A /* ProfileViewController.swift */,
				756875EC2C003D2200AC3018 /* ProfileUpdateDelegate.swift */,
				7566BA212C117B82001FC1EC /* InfoViewController.swift */,
			);
			path = GolfApp;
			sourceTree = "<group>";
		};
		75F42F092BE49EB800C3B659 /* Database */ = {
			isa = PBXGroup;
			children = (
				75F42F0A2BE49EDD00C3B659 /* DatabaseProtocol.swift */,
				75F42F0C2BE49EF500C3B659 /* MulticastDelegate.swift */,
			);
			path = Database;
			sourceTree = "<group>";
		};
		75F42F942BEDE81300C3B659 /* Classes */ = {
			isa = PBXGroup;
			children = (
				75F42F862BECA3BC00C3B659 /* Course.swift */,
				75F42F882BECA3CE00C3B659 /* CourseData.swift */,
				75F42F8A2BECA3F600C3B659 /* HoleData.swift */,
			);
			path = Classes;
			sourceTree = "<group>";
		};
/* End PBXGroup section */

/* Begin PBXNativeTarget section */
		75F42E9C2BD92A3E00C3B659 /* Swingify */ = {
			isa = PBXNativeTarget;
			buildConfigurationList = 75F42EB12BD92A3F00C3B659 /* Build configuration list for PBXNativeTarget "Swingify" */;
			buildPhases = (
				75F42E992BD92A3E00C3B659 /* Sources */,
				75F42E9A2BD92A3E00C3B659 /* Frameworks */,
				75F42E9B2BD92A3E00C3B659 /* Resources */,
			);
			buildRules = (
			);
			dependencies = (
			);
			name = Swingify;
			packageProductDependencies = (
				75F42EF12BE0CB0E00C3B659 /* FirebaseAuth */,
				75F42EF32BE0CB0E00C3B659 /* FirebaseFirestore */,
				75F42EF52BE0CB0E00C3B659 /* FirebaseFirestoreSwift */,
			);
			productName = GolfApp;
			productReference = 75F42E9D2BD92A3E00C3B659 /* Swingify.app */;
			productType = "com.apple.product-type.application";
		};
/* End PBXNativeTarget section */

/* Begin PBXProject section */
		75F42E952BD92A3E00C3B659 /* Project object */ = {
			isa = PBXProject;
			attributes = {
				BuildIndependentTargetsInParallel = 1;
				LastSwiftUpdateCheck = 1530;
				LastUpgradeCheck = 1530;
				TargetAttributes = {
					75F42E9C2BD92A3E00C3B659 = {
						CreatedOnToolsVersion = 15.3;
					};
				};
			};
			buildConfigurationList = 75F42E982BD92A3E00C3B659 /* Build configuration list for PBXProject "Swingify" */;
			compatibilityVersion = "Xcode 14.0";
			developmentRegion = en;
			hasScannedForEncodings = 0;
			knownRegions = (
				en,
				Base,
			);
			mainGroup = 75F42E942BD92A3E00C3B659;
			packageReferences = (
				75F42EF02BE0CB0E00C3B659 /* XCRemoteSwiftPackageReference "firebase-ios-sdk" */,
			);
			productRefGroup = 75F42E9E2BD92A3E00C3B659 /* Products */;
			projectDirPath = "";
			projectRoot = "";
			targets = (
				75F42E9C2BD92A3E00C3B659 /* Swingify */,
			);
		};
/* End PBXProject section */

/* Begin PBXResourcesBuildPhase section */
		75F42E9B2BD92A3E00C3B659 /* Resources */ = {
			isa = PBXResourcesBuildPhase;
			buildActionMask = 2147483647;
			files = (
				75F42EAA2BD92A3F00C3B659 /* Assets.xcassets in Resources */,
				75F42EAD2BD92A3F00C3B659 /* Base in Resources */,
				75F42EA82BD92A3E00C3B659 /* Base in Resources */,
			);
			runOnlyForDeploymentPostprocessing = 0;
		};
/* End PBXResourcesBuildPhase section */

/* Begin PBXSourcesBuildPhase section */
		75F42E992BD92A3E00C3B659 /* Sources */ = {
			isa = PBXSourcesBuildPhase;
			buildActionMask = 2147483647;
			files = (
				75F42F892BECA3CE00C3B659 /* CourseData.swift in Sources */,
				75F42F0B2BE49EDD00C3B659 /* DatabaseProtocol.swift in Sources */,
				756875ED2C003D2200AC3018 /* ProfileUpdateDelegate.swift in Sources */,
				75A68D9B2BF231CB002E0F6A /* Club+CoreDataClass.swift in Sources */,
				75A68D9C2BF231CB002E0F6A /* Club+CoreDataProperties.swift in Sources */,
				75F42F022BE346D800C3B659 /* CoursesTableViewController.swift in Sources */,
				75F42EFC2BE3459A00C3B659 /* HomeViewController.swift in Sources */,
				7546F2E72BFEE8760001E22A /* Profile+CoreDataClass.swift in Sources */,
				75B057C42BFF19BB00C66E48 /* FavCourse+CoreDataClass.swift in Sources */,
				75B057C52BFF19BB00C66E48 /* FavCourse+CoreDataProperties.swift in Sources */,
				7546F2E82BFEE8760001E22A /* Profile+CoreDataProperties.swift in Sources */,
				75F42EA12BD92A3E00C3B659 /* AppDelegate.swift in Sources */,
				75F42EFE2BE345BC00C3B659 /* AllClubsTableViewController.swift in Sources */,
				754C99072BF22DE4000E9759 /* CoreDataController.swift in Sources */,
				754C99012BF22AA8000E9759 /* Swingify-DataModel.xcdatamodeld in Sources */,
				75F42F8B2BECA3F600C3B659 /* HoleData.swift in Sources */,
				75F42F082BE3475900C3B659 /* MapViewController.swift in Sources */,
				75F42F0D2BE49EF500C3B659 /* MulticastDelegate.swift in Sources */,
				75F42F872BECA3BC00C3B659 /* Course.swift in Sources */,
				75F42F8D2BECA57300C3B659 /* HolesTableViewController.swift in Sources */,
				7546F2E22BFEC8450001E22A /* ProfileViewController.swift in Sources */,
				7566BA222C117B82001FC1EC /* InfoViewController.swift in Sources */,
				75F42EA32BD92A3E00C3B659 /* SceneDelegate.swift in Sources */,
			);
			runOnlyForDeploymentPostprocessing = 0;
		};
/* End PBXSourcesBuildPhase section */

/* Begin PBXVariantGroup section */
		75F42EA62BD92A3E00C3B659 /* Main.storyboard */ = {
			isa = PBXVariantGroup;
			children = (
				75F42EA72BD92A3E00C3B659 /* Base */,
			);
			name = Main.storyboard;
			sourceTree = "<group>";
		};
		75F42EAB2BD92A3F00C3B659 /* LaunchScreen.storyboard */ = {
			isa = PBXVariantGroup;
			children = (
				75F42EAC2BD92A3F00C3B659 /* Base */,
			);
			name = LaunchScreen.storyboard;
			sourceTree = "<group>";
		};
/* End PBXVariantGroup section */

/* Begin XCBuildConfiguration section */
		75F42EAF2BD92A3F00C3B659 /* Debug */ = {
			isa = XCBuildConfiguration;
			buildSettings = {
				ALWAYS_SEARCH_USER_PATHS = NO;
				ASSETCATALOG_COMPILER_GENERATE_SWIFT_ASSET_SYMBOL_EXTENSIONS = YES;
				CLANG_ANALYZER_NONNULL = YES;
				CLANG_ANALYZER_NUMBER_OBJECT_CONVERSION = YES_AGGRESSIVE;
				CLANG_CXX_LANGUAGE_STANDARD = "gnu++20";
				CLANG_ENABLE_MODULES = YES;
				CLANG_ENABLE_OBJC_ARC = YES;
				CLANG_ENABLE_OBJC_WEAK = YES;
				CLANG_WARN_BLOCK_CAPTURE_AUTORELEASING = YES;
				CLANG_WARN_BOOL_CONVERSION = YES;
				CLANG_WARN_COMMA = YES;
				CLANG_WARN_CONSTANT_CONVERSION = YES;
				CLANG_WARN_DEPRECATED_OBJC_IMPLEMENTATIONS = YES;
				CLANG_WARN_DIRECT_OBJC_ISA_USAGE = YES_ERROR;
				CLANG_WARN_DOCUMENTATION_COMMENTS = YES;
				CLANG_WARN_EMPTY_BODY = YES;
				CLANG_WARN_ENUM_CONVERSION = YES;
				CLANG_WARN_INFINITE_RECURSION = YES;
				CLANG_WARN_INT_CONVERSION = YES;
				CLANG_WARN_NON_LITERAL_NULL_CONVERSION = YES;
				CLANG_WARN_OBJC_IMPLICIT_RETAIN_SELF = YES;
				CLANG_WARN_OBJC_LITERAL_CONVERSION = YES;
				CLANG_WARN_OBJC_ROOT_CLASS = YES_ERROR;
				CLANG_WARN_QUOTED_INCLUDE_IN_FRAMEWORK_HEADER = YES;
				CLANG_WARN_RANGE_LOOP_ANALYSIS = YES;
				CLANG_WARN_STRICT_PROTOTYPES = YES;
				CLANG_WARN_SUSPICIOUS_MOVE = YES;
				CLANG_WARN_UNGUARDED_AVAILABILITY = YES_AGGRESSIVE;
				CLANG_WARN_UNREACHABLE_CODE = YES;
				CLANG_WARN__DUPLICATE_METHOD_MATCH = YES;
				COPY_PHASE_STRIP = NO;
				DEBUG_INFORMATION_FORMAT = dwarf;
				ENABLE_STRICT_OBJC_MSGSEND = YES;
				ENABLE_TESTABILITY = YES;
				ENABLE_USER_SCRIPT_SANDBOXING = YES;
				GCC_C_LANGUAGE_STANDARD = gnu17;
				GCC_DYNAMIC_NO_PIC = NO;
				GCC_NO_COMMON_BLOCKS = YES;
				GCC_OPTIMIZATION_LEVEL = 0;
				GCC_PREPROCESSOR_DEFINITIONS = (
					"DEBUG=1",
					"$(inherited)",
				);
				GCC_WARN_64_TO_32_BIT_CONVERSION = YES;
				GCC_WARN_ABOUT_RETURN_TYPE = YES_ERROR;
				GCC_WARN_UNDECLARED_SELECTOR = YES;
				GCC_WARN_UNINITIALIZED_AUTOS = YES_AGGRESSIVE;
				GCC_WARN_UNUSED_FUNCTION = YES;
				GCC_WARN_UNUSED_VARIABLE = YES;
				IPHONEOS_DEPLOYMENT_TARGET = 17.4;
				LOCALIZATION_PREFERS_STRING_CATALOGS = YES;
				MTL_ENABLE_DEBUG_INFO = INCLUDE_SOURCE;
				MTL_FAST_MATH = YES;
				ONLY_ACTIVE_ARCH = YES;
				SDKROOT = iphoneos;
				SWIFT_ACTIVE_COMPILATION_CONDITIONS = "DEBUG $(inherited)";
				SWIFT_OPTIMIZATION_LEVEL = "-Onone";
			};
			name = Debug;
		};
		75F42EB02BD92A3F00C3B659 /* Release */ = {
			isa = XCBuildConfiguration;
			buildSettings = {
				ALWAYS_SEARCH_USER_PATHS = NO;
				ASSETCATALOG_COMPILER_GENERATE_SWIFT_ASSET_SYMBOL_EXTENSIONS = YES;
				CLANG_ANALYZER_NONNULL = YES;
				CLANG_ANALYZER_NUMBER_OBJECT_CONVERSION = YES_AGGRESSIVE;
				CLANG_CXX_LANGUAGE_STANDARD = "gnu++20";
				CLANG_ENABLE_MODULES = YES;
				CLANG_ENABLE_OBJC_ARC = YES;
				CLANG_ENABLE_OBJC_WEAK = YES;
				CLANG_WARN_BLOCK_CAPTURE_AUTORELEASING = YES;
				CLANG_WARN_BOOL_CONVERSION = YES;
				CLANG_WARN_COMMA = YES;
				CLANG_WARN_CONSTANT_CONVERSION = YES;
				CLANG_WARN_DEPRECATED_OBJC_IMPLEMENTATIONS = YES;
				CLANG_WARN_DIRECT_OBJC_ISA_USAGE = YES_ERROR;
				CLANG_WARN_DOCUMENTATION_COMMENTS = YES;
				CLANG_WARN_EMPTY_BODY = YES;
				CLANG_WARN_ENUM_CONVERSION = YES;
				CLANG_WARN_INFINITE_RECURSION = YES;
				CLANG_WARN_INT_CONVERSION = YES;
				CLANG_WARN_NON_LITERAL_NULL_CONVERSION = YES;
				CLANG_WARN_OBJC_IMPLICIT_RETAIN_SELF = YES;
				CLANG_WARN_OBJC_LITERAL_CONVERSION = YES;
				CLANG_WARN_OBJC_ROOT_CLASS = YES_ERROR;
				CLANG_WARN_QUOTED_INCLUDE_IN_FRAMEWORK_HEADER = YES;
				CLANG_WARN_RANGE_LOOP_ANALYSIS = YES;
				CLANG_WARN_STRICT_PROTOTYPES = YES;
				CLANG_WARN_SUSPICIOUS_MOVE = YES;
				CLANG_WARN_UNGUARDED_AVAILABILITY = YES_AGGRESSIVE;
				CLANG_WARN_UNREACHABLE_CODE = YES;
				CLANG_WARN__DUPLICATE_METHOD_MATCH = YES;
				COPY_PHASE_STRIP = NO;
				DEBUG_INFORMATION_FORMAT = "dwarf-with-dsym";
				ENABLE_NS_ASSERTIONS = NO;
				ENABLE_STRICT_OBJC_MSGSEND = YES;
				ENABLE_USER_SCRIPT_SANDBOXING = YES;
				GCC_C_LANGUAGE_STANDARD = gnu17;
				GCC_NO_COMMON_BLOCKS = YES;
				GCC_WARN_64_TO_32_BIT_CONVERSION = YES;
				GCC_WARN_ABOUT_RETURN_TYPE = YES_ERROR;
				GCC_WARN_UNDECLARED_SELECTOR = YES;
				GCC_WARN_UNINITIALIZED_AUTOS = YES_AGGRESSIVE;
				GCC_WARN_UNUSED_FUNCTION = YES;
				GCC_WARN_UNUSED_VARIABLE = YES;
				IPHONEOS_DEPLOYMENT_TARGET = 17.4;
				LOCALIZATION_PREFERS_STRING_CATALOGS = YES;
				MTL_ENABLE_DEBUG_INFO = NO;
				MTL_FAST_MATH = YES;
				SDKROOT = iphoneos;
				SWIFT_COMPILATION_MODE = wholemodule;
				VALIDATE_PRODUCT = YES;
			};
			name = Release;
		};
		75F42EB22BD92A3F00C3B659 /* Debug */ = {
			isa = XCBuildConfiguration;
			buildSettings = {
				ASSETCATALOG_COMPILER_APPICON_NAME = AppIcon;
				ASSETCATALOG_COMPILER_GLOBAL_ACCENT_COLOR_NAME = AccentColor;
				CODE_SIGN_STYLE = Automatic;
				CURRENT_PROJECT_VERSION = 1;
				DEVELOPMENT_TEAM = 6TW9C7C78N;
				GENERATE_INFOPLIST_FILE = YES;
				INFOPLIST_FILE = GolfApp/Info.plist;
				INFOPLIST_KEY_NSLocationWhenInUseUsageDescription = "This app will use the user's location on the golf course to track distances.";
				INFOPLIST_KEY_UIApplicationSupportsIndirectInputEvents = YES;
				INFOPLIST_KEY_UILaunchStoryboardName = LaunchScreen;
				INFOPLIST_KEY_UIMainStoryboardFile = Main;
				INFOPLIST_KEY_UISupportedInterfaceOrientations_iPad = "UIInterfaceOrientationPortrait UIInterfaceOrientationPortraitUpsideDown UIInterfaceOrientationLandscapeLeft UIInterfaceOrientationLandscapeRight";
				INFOPLIST_KEY_UISupportedInterfaceOrientations_iPhone = "UIInterfaceOrientationPortrait UIInterfaceOrientationLandscapeLeft UIInterfaceOrientationLandscapeRight";
				INFOPLIST_KEY_UIUserInterfaceStyle = Light;
				LD_RUNPATH_SEARCH_PATHS = (
					"$(inherited)",
					"@executable_path/Frameworks",
				);
				MARKETING_VERSION = 1.0;
				PRODUCT_BUNDLE_IDENTIFIER = edu.monash.GolfApp;
				PRODUCT_NAME = "$(TARGET_NAME)";
				SWIFT_EMIT_LOC_STRINGS = YES;
				SWIFT_VERSION = 5.0;
				TARGETED_DEVICE_FAMILY = "1,2";
			};
			name = Debug;
		};
		75F42EB32BD92A3F00C3B659 /* Release */ = {
			isa = XCBuildConfiguration;
			buildSettings = {
				ASSETCATALOG_COMPILER_APPICON_NAME = AppIcon;
				ASSETCATALOG_COMPILER_GLOBAL_ACCENT_COLOR_NAME = AccentColor;
				CODE_SIGN_STYLE = Automatic;
				CURRENT_PROJECT_VERSION = 1;
				DEVELOPMENT_TEAM = 6TW9C7C78N;
				GENERATE_INFOPLIST_FILE = YES;
				INFOPLIST_FILE = GolfApp/Info.plist;
				INFOPLIST_KEY_NSLocationWhenInUseUsageDescription = "This app will use the user's location on the golf course to track distances.";
				INFOPLIST_KEY_UIApplicationSupportsIndirectInputEvents = YES;
				INFOPLIST_KEY_UILaunchStoryboardName = LaunchScreen;
				INFOPLIST_KEY_UIMainStoryboardFile = Main;
				INFOPLIST_KEY_UISupportedInterfaceOrientations_iPad = "UIInterfaceOrientationPortrait UIInterfaceOrientationPortraitUpsideDown UIInterfaceOrientationLandscapeLeft UIInterfaceOrientationLandscapeRight";
				INFOPLIST_KEY_UISupportedInterfaceOrientations_iPhone = "UIInterfaceOrientationPortrait UIInterfaceOrientationLandscapeLeft UIInterfaceOrientationLandscapeRight";
				INFOPLIST_KEY_UIUserInterfaceStyle = Light;
				LD_RUNPATH_SEARCH_PATHS = (
					"$(inherited)",
					"@executable_path/Frameworks",
				);
				MARKETING_VERSION = 1.0;
				PRODUCT_BUNDLE_IDENTIFIER = edu.monash.GolfApp;
				PRODUCT_NAME = "$(TARGET_NAME)";
				SWIFT_EMIT_LOC_STRINGS = YES;
				SWIFT_VERSION = 5.0;
				TARGETED_DEVICE_FAMILY = "1,2";
			};
			name = Release;
		};
/* End XCBuildConfiguration section */

/* Begin XCConfigurationList section */
		75F42E982BD92A3E00C3B659 /* Build configuration list for PBXProject "Swingify" */ = {
			isa = XCConfigurationList;
			buildConfigurations = (
				75F42EAF2BD92A3F00C3B659 /* Debug */,
				75F42EB02BD92A3F00C3B659 /* Release */,
			);
			defaultConfigurationIsVisible = 0;
			defaultConfigurationName = Release;
		};
		75F42EB12BD92A3F00C3B659 /* Build configuration list for PBXNativeTarget "Swingify" */ = {
			isa = XCConfigurationList;
			buildConfigurations = (
				75F42EB22BD92A3F00C3B659 /* Debug */,
				75F42EB32BD92A3F00C3B659 /* Release */,
			);
			defaultConfigurationIsVisible = 0;
			defaultConfigurationName = Release;
		};
/* End XCConfigurationList section */

/* Begin XCRemoteSwiftPackageReference section */
		75F42EF02BE0CB0E00C3B659 /* XCRemoteSwiftPackageReference "firebase-ios-sdk" */ = {
			isa = XCRemoteSwiftPackageReference;
			repositoryURL = "https://github.com/firebase/firebase-ios-sdk.git";
			requirement = {
				kind = upToNextMajorVersion;
				minimumVersion = 10.24.0;
			};
		};
/* End XCRemoteSwiftPackageReference section */

/* Begin XCSwiftPackageProductDependency section */
		75F42EF12BE0CB0E00C3B659 /* FirebaseAuth */ = {
			isa = XCSwiftPackageProductDependency;
			package = 75F42EF02BE0CB0E00C3B659 /* XCRemoteSwiftPackageReference "firebase-ios-sdk" */;
			productName = FirebaseAuth;
		};
		75F42EF32BE0CB0E00C3B659 /* FirebaseFirestore */ = {
			isa = XCSwiftPackageProductDependency;
			package = 75F42EF02BE0CB0E00C3B659 /* XCRemoteSwiftPackageReference "firebase-ios-sdk" */;
			productName = FirebaseFirestore;
		};
		75F42EF52BE0CB0E00C3B659 /* FirebaseFirestoreSwift */ = {
			isa = XCSwiftPackageProductDependency;
			package = 75F42EF02BE0CB0E00C3B659 /* XCRemoteSwiftPackageReference "firebase-ios-sdk" */;
			productName = FirebaseFirestoreSwift;
		};
/* End XCSwiftPackageProductDependency section */

/* Begin XCVersionGroup section */
		754C98FF2BF22AA8000E9759 /* Swingify-DataModel.xcdatamodeld */ = {
			isa = XCVersionGroup;
			children = (
				754C99002BF22AA8000E9759 /* Swingify-DataModel.xcdatamodel */,
			);
			currentVersion = 754C99002BF22AA8000E9759 /* Swingify-DataModel.xcdatamodel */;
			name = "Swingify-DataModel.xcdatamodeld";
			path = "/Users/oskar/University/FIT3178/golfApp/GolfApp/GolfApp/Swingify-DataModel.xcdatamodeld";
			sourceTree = "<group>";
			versionGroupType = wrapper.xcdatamodel;
		};
/* End XCVersionGroup section */
	};
	rootObject = 75F42E952BD92A3E00C3B659 /* Project object */;
}
